{
  "file": "hand_landmarker.task",
  "sha256": "fbc2a30080c3c557093b5ddfc334698132eb341044ccee322ccf8bcf3607cde1",
  "bytes": 7819105,
  "url": "https://storage.googleapis.com/mediapipe-models/hand_landmarker/hand_landmarker/float16/1/hand_landmarker.task",
  "fetched": "2026-10-01",
  "note": "MediaPipe Hand Landmarker, float16, version 1 (byte-identical to .../float16/latest/ on the fetch date). The monitor refuses to start if the file's sha256 is not this one."
}
